# This file is automatically @generated by Cargo.
# It is not intended for manual editing.
version = 4

[[package]]
name = "cirious-codex-logger"
version = "0.1.0"
dependencies = [
 "cirious_codex_term",
]

[[package]]
name = "cirious_codex_term"
version = "0.1.0"
source = "git+https://github.com/cirious-studio/cirious_codex_term.git#7b0e54fbe94a21889fee1b8aee9605d35fb52a50"
