# This file is automatically @generated by Cargo.
# It is not intended for manual editing.
version = 4

[[package]]
name = "cirious_codex_logger"
version = "0.1.0"
dependencies = [
 "cirious_codex_term",
]

[[package]]
name = "cirious_codex_term"
version = "0.1.0"
source = "registry+https://github.com/rust-lang/crates.io-index"
checksum = "af9ac8b4c918590f8e1b6bc42f23e628b7d6bccd50ed4a87da184d92e4b13e56"
